// !$*UTF8*$!
{
	archiveVersion = 1;
	classes = {
	};
	objectVersion = 50;
	objects = {

/* Begin PBXBuildFile section */
		7160F2CD26A27A6100750F64 /* TodoListApp.swift in Sources */ = {isa = PBXBuildFile; fileRef = 7160F2CC26A27A6100750F64 /* TodoListApp.swift */; };
		7160F2CF26A27A6100750F64 /* ContentView.swift in Sources */ = {isa = PBXBuildFile; fileRef = 7160F2CE26A27A6100750F64 /* ContentView.swift */; };
		7160F2D126A27A6700750F64 /* Assets.xcassets in Resources */ = {isa = PBXBuildFile; fileRef = 7160F2D026A27A6700750F64 /* Assets.xcassets */; };
		7160F2D426A27A6700750F64 /* Preview Assets.xcassets in Resources */ = {isa = PBXBuildFile; fileRef = 7160F2D326A27A6700750F64 /* Preview Assets.xcassets */; };
		7160F2D626A27A6700750F64 /* Persistence.swift in Sources */ = {isa = PBXBuildFile; fileRef = 7160F2D526A27A6700750F64 /* Persistence.swift */; };
		7160F2D926A27A6700750F64 /* TodoList.xcdatamodeld in Sources */ = {isa = PBXBuildFile; fileRef = 7160F2D726A27A6700750F64 /* TodoList.xcdatamodeld */; };
		7160F2E426A27A6800750F64 /* TodoListTests.swift in Sources */ = {isa = PBXBuildFile; fileRef = 7160F2E326A27A6800750F64 /* TodoListTests.swift */; };
		7160F2EF26A27A6800750F64 /* TodoListUITests.swift in Sources */ = {isa = PBXBuildFile; fileRef = 7160F2EE26A27A6800750F64 /* TodoListUITests.swift */; };
		7160F30426A27C6000750F64 /* HomeView.swift in Sources */ = {isa = PBXBuildFile; fileRef = 7160F30326A27C6000750F64 /* HomeView.swift */; };
		7160F30526A27C6000750F64 /* HomeView.swift in Sources */ = {isa = PBXBuildFile; fileRef = 7160F30326A27C6000750F64 /* HomeView.swift */; };
		7160F30626A27C6000750F64 /* HomeView.swift in Sources */ = {isa = PBXBuildFile; fileRef = 7160F30326A27C6000750F64 /* HomeView.swift */; };
		7160F31226A2805700750F64 /* DateType.swift in Sources */ = {isa = PBXBuildFile; fileRef = 7160F31126A2805700750F64 /* DateType.swift */; };
		7160F31326A2805700750F64 /* DateType.swift in Sources */ = {isa = PBXBuildFile; fileRef = 7160F31126A2805700750F64 /* DateType.swift */; };
		7160F31426A2805700750F64 /* DateType.swift in Sources */ = {isa = PBXBuildFile; fileRef = 7160F31126A2805700750F64 /* DateType.swift */; };
		7160F31C26A280F100750F64 /* CalendarVM.swift in Sources */ = {isa = PBXBuildFile; fileRef = 7160F31B26A280F100750F64 /* CalendarVM.swift */; };
		7160F31D26A280F100750F64 /* CalendarVM.swift in Sources */ = {isa = PBXBuildFile; fileRef = 7160F31B26A280F100750F64 /* CalendarVM.swift */; };
		7160F31E26A280F100750F64 /* CalendarVM.swift in Sources */ = {isa = PBXBuildFile; fileRef = 7160F31B26A280F100750F64 /* CalendarVM.swift */; };
		7160F32626A28A2D00750F64 /* CalenderView.swift in Sources */ = {isa = PBXBuildFile; fileRef = 7160F32526A28A2D00750F64 /* CalenderView.swift */; };
		7160F32726A28A2D00750F64 /* CalenderView.swift in Sources */ = {isa = PBXBuildFile; fileRef = 7160F32526A28A2D00750F64 /* CalenderView.swift */; };
		7160F32826A28A2D00750F64 /* CalenderView.swift in Sources */ = {isa = PBXBuildFile; fileRef = 7160F32526A28A2D00750F64 /* CalenderView.swift */; };
		7160F32D26A2982100750F64 /* HomeCalendarView.swift in Sources */ = {isa = PBXBuildFile; fileRef = 7160F32C26A2982100750F64 /* HomeCalendarView.swift */; };
		7160F32E26A2982100750F64 /* HomeCalendarView.swift in Sources */ = {isa = PBXBuildFile; fileRef = 7160F32C26A2982100750F64 /* HomeCalendarView.swift */; };
		7160F32F26A2982100750F64 /* HomeCalendarView.swift in Sources */ = {isa = PBXBuildFile; fileRef = 7160F32C26A2982100750F64 /* HomeCalendarView.swift */; };
		7160F33426A29B7600750F64 /* AddTaskView.swift in Sources */ = {isa = PBXBuildFile; fileRef = 7160F33326A29B7600750F64 /* AddTaskView.swift */; };
		7160F33526A29B7600750F64 /* AddTaskView.swift in Sources */ = {isa = PBXBuildFile; fileRef = 7160F33326A29B7600750F64 /* AddTaskView.swift */; };
		7160F33626A29B7600750F64 /* AddTaskView.swift in Sources */ = {isa = PBXBuildFile; fileRef = 7160F33326A29B7600750F64 /* AddTaskView.swift */; };
		7160F33B26A29B8E00750F64 /* AddTaskVM.swift in Sources */ = {isa = PBXBuildFile; fileRef = 7160F33A26A29B8E00750F64 /* AddTaskVM.swift */; };
		7160F33C26A29B8E00750F64 /* AddTaskVM.swift in Sources */ = {isa = PBXBuildFile; fileRef = 7160F33A26A29B8E00750F64 /* AddTaskVM.swift */; };
		7160F33D26A29B8E00750F64 /* AddTaskVM.swift in Sources */ = {isa = PBXBuildFile; fileRef = 7160F33A26A29B8E00750F64 /* AddTaskVM.swift */; };
		7160F34526A2ECCF00750F64 /* HomeVM.swift in Sources */ = {isa = PBXBuildFile; fileRef = 7160F34426A2ECCF00750F64 /* HomeVM.swift */; };
		7160F34626A2ECCF00750F64 /* HomeVM.swift in Sources */ = {isa = PBXBuildFile; fileRef = 7160F34426A2ECCF00750F64 /* HomeVM.swift */; };
		7160F34726A2ECCF00750F64 /* HomeVM.swift in Sources */ = {isa = PBXBuildFile; fileRef = 7160F34426A2ECCF00750F64 /* HomeVM.swift */; };
		7160F34D26A3075100750F64 /* DataStorage.swift in Sources */ = {isa = PBXBuildFile; fileRef = 7160F34C26A3075000750F64 /* DataStorage.swift */; };
		7160F34E26A3075100750F64 /* DataStorage.swift in Sources */ = {isa = PBXBuildFile; fileRef = 7160F34C26A3075000750F64 /* DataStorage.swift */; };
		7160F34F26A3075100750F64 /* DataStorage.swift in Sources */ = {isa = PBXBuildFile; fileRef = 7160F34C26A3075000750F64 /* DataStorage.swift */; };
		7160F35726A3DC5600750F64 /* DataStorageFactory.swift in Sources */ = {isa = PBXBuildFile; fileRef = 7160F35626A3DC5500750F64 /* DataStorageFactory.swift */; };
		7160F35826A3DC5600750F64 /* DataStorageFactory.swift in Sources */ = {isa = PBXBuildFile; fileRef = 7160F35626A3DC5500750F64 /* DataStorageFactory.swift */; };
		7160F35926A3DC5600750F64 /* DataStorageFactory.swift in Sources */ = {isa = PBXBuildFile; fileRef = 7160F35626A3DC5500750F64 /* DataStorageFactory.swift */; };
/* End PBXBuildFile section */

/* Begin PBXContainerItemProxy section */
		7160F2E026A27A6800750F64 /* PBXContainerItemProxy */ = {
			isa = PBXContainerItemProxy;
			containerPortal = 7160F2C126A27A6100750F64 /* Project object */;
			proxyType = 1;
			remoteGlobalIDString = 7160F2C826A27A6100750F64;
			remoteInfo = TodoList;
		};
		7160F2EB26A27A6800750F64 /* PBXContainerItemProxy */ = {
			isa = PBXContainerItemProxy;
			containerPortal = 7160F2C126A27A6100750F64 /* Project object */;
			proxyType = 1;
			remoteGlobalIDString = 7160F2C826A27A6100750F64;
			remoteInfo = TodoList;
		};
/* End PBXContainerItemProxy section */

/* Begin PBXFileReference section */
		7160F2C926A27A6100750F64 /* TodoList.app */ = {isa = PBXFileReference; explicitFileType = wrapper.application; includeInIndex = 0; path = TodoList.app; sourceTree = BUILT_PRODUCTS_DIR; };
		7160F2CC26A27A6100750F64 /* TodoListApp.swift */ = {isa = PBXFileReference; lastKnownFileType = sourcecode.swift; path = TodoListApp.swift; sourceTree = "<group>"; };
		7160F2CE26A27A6100750F64 /* ContentView.swift */ = {isa = PBXFileReference; lastKnownFileType = sourcecode.swift; path = ContentView.swift; sourceTree = "<group>"; };
		7160F2D026A27A6700750F64 /* Assets.xcassets */ = {isa = PBXFileReference; lastKnownFileType = folder.assetcatalog; path = Assets.xcassets; sourceTree = "<group>"; };
		7160F2D326A27A6700750F64 /* Preview Assets.xcassets */ = {isa = PBXFileReference; lastKnownFileType = folder.assetcatalog; path = "Preview Assets.xcassets"; sourceTree = "<group>"; };
		7160F2D526A27A6700750F64 /* Persistence.swift */ = {isa = PBXFileReference; lastKnownFileType = sourcecode.swift; path = Persistence.swift; sourceTree = "<group>"; };
		7160F2D826A27A6700750F64 /* TodoList.xcdatamodel */ = {isa = PBXFileReference; lastKnownFileType = wrapper.xcdatamodel; path = TodoList.xcdatamodel; sourceTree = "<group>"; };
		7160F2DA26A27A6700750F64 /* Info.plist */ = {isa = PBXFileReference; lastKnownFileType = text.plist.xml; path = Info.plist; sourceTree = "<group>"; };
		7160F2DF26A27A6800750F64 /* TodoListTests.xctest */ = {isa = PBXFileReference; explicitFileType = wrapper.cfbundle; includeInIndex = 0; path = TodoListTests.xctest; sourceTree = BUILT_PRODUCTS_DIR; };
		7160F2E326A27A6800750F64 /* TodoListTests.swift */ = {isa = PBXFileReference; lastKnownFileType = sourcecode.swift; path = TodoListTests.swift; sourceTree = "<group>"; };
		7160F2E526A27A6800750F64 /* Info.plist */ = {isa = PBXFileReference; lastKnownFileType = text.plist.xml; path = Info.plist; sourceTree = "<group>"; };
		7160F2EA26A27A6800750F64 /* TodoListUITests.xctest */ = {isa = PBXFileReference; explicitFileType = wrapper.cfbundle; includeInIndex = 0; path = TodoListUITests.xctest; sourceTree = BUILT_PRODUCTS_DIR; };
		7160F2EE26A27A6800750F64 /* TodoListUITests.swift */ = {isa = PBXFileReference; lastKnownFileType = sourcecode.swift; path = TodoListUITests.swift; sourceTree = "<group>"; };
		7160F2F026A27A6800750F64 /* Info.plist */ = {isa = PBXFileReference; lastKnownFileType = text.plist.xml; path = Info.plist; sourceTree = "<group>"; };
		7160F30326A27C6000750F64 /* HomeView.swift */ = {isa = PBXFileReference; lastKnownFileType = sourcecode.swift; path = HomeView.swift; sourceTree = "<group>"; };
		7160F31126A2805700750F64 /* DateType.swift */ = {isa = PBXFileReference; lastKnownFileType = sourcecode.swift; path = DateType.swift; sourceTree = "<group>"; };
		7160F31B26A280F100750F64 /* CalendarVM.swift */ = {isa = PBXFileReference; lastKnownFileType = sourcecode.swift; path = CalendarVM.swift; sourceTree = "<group>"; };
		7160F32526A28A2D00750F64 /* CalenderView.swift */ = {isa = PBXFileReference; lastKnownFileType = sourcecode.swift; path = CalenderView.swift; sourceTree = "<group>"; };
		7160F32C26A2982100750F64 /* HomeCalendarView.swift */ = {isa = PBXFileReference; lastKnownFileType = sourcecode.swift; path = HomeCalendarView.swift; sourceTree = "<group>"; };
		7160F33326A29B7600750F64 /* AddTaskView.swift */ = {isa = PBXFileReference; lastKnownFileType = sourcecode.swift; path = AddTaskView.swift; sourceTree = "<group>"; };
		7160F33A26A29B8E00750F64 /* AddTaskVM.swift */ = {isa = PBXFileReference; lastKnownFileType = sourcecode.swift; path = AddTaskVM.swift; sourceTree = "<group>"; };
		7160F34426A2ECCF00750F64 /* HomeVM.swift */ = {isa = PBXFileReference; lastKnownFileType = sourcecode.swift; path = HomeVM.swift; sourceTree = "<group>"; };
		7160F34C26A3075000750F64 /* DataStorage.swift */ = {isa = PBXFileReference; lastKnownFileType = sourcecode.swift; path = DataStorage.swift; sourceTree = "<group>"; };
		7160F35626A3DC5500750F64 /* DataStorageFactory.swift */ = {isa = PBXFileReference; lastKnownFileType = sourcecode.swift; path = DataStorageFactory.swift; sourceTree = "<group>"; };
/* End PBXFileReference section */

/* Begin PBXFrameworksBuildPhase section */
		7160F2C626A27A6100750F64 /* Frameworks */ = {
			isa = PBXFrameworksBuildPhase;
			buildActionMask = 2147483647;
			files = (
			);
			runOnlyForDeploymentPostprocessing = 0;
		};
		7160F2DC26A27A6800750F64 /* Frameworks */ = {
			isa = PBXFrameworksBuildPhase;
			buildActionMask = 2147483647;
			files = (
			);
			runOnlyForDeploymentPostprocessing = 0;
		};
		7160F2E726A27A6800750F64 /* Frameworks */ = {
			isa = PBXFrameworksBuildPhase;
			buildActionMask = 2147483647;
			files = (
			);
			runOnlyForDeploymentPostprocessing = 0;
		};
/* End PBXFrameworksBuildPhase section */

/* Begin PBXGroup section */
		7160F2C026A27A6100750F64 = {
			isa = PBXGroup;
			children = (
				7160F2CB26A27A6100750F64 /* TodoList */,
				7160F2E226A27A6800750F64 /* TodoListTests */,
				7160F2ED26A27A6800750F64 /* TodoListUITests */,
				7160F2CA26A27A6100750F64 /* Products */,
			);
			sourceTree = "<group>";
		};
		7160F2CA26A27A6100750F64 /* Products */ = {
			isa = PBXGroup;
			children = (
				7160F2C926A27A6100750F64 /* TodoList.app */,
				7160F2DF26A27A6800750F64 /* TodoListTests.xctest */,
				7160F2EA26A27A6800750F64 /* TodoListUITests.xctest */,
			);
			name = Products;
			sourceTree = "<group>";
		};
		7160F2CB26A27A6100750F64 /* TodoList */ = {
			isa = PBXGroup;
			children = (
				7160F34B26A3073400750F64 /* Storage */,
				7160F30D26A27FDD00750F64 /* Calendar */,
				7160F2FF26A27C1C00750F64 /* Home */,
				7160F2CC26A27A6100750F64 /* TodoListApp.swift */,
				7160F2CE26A27A6100750F64 /* ContentView.swift */,
				7160F2D026A27A6700750F64 /* Assets.xcassets */,
				7160F2D526A27A6700750F64 /* Persistence.swift */,
				7160F2DA26A27A6700750F64 /* Info.plist */,
				7160F2D726A27A6700750F64 /* TodoList.xcdatamodeld */,
				7160F2D226A27A6700750F64 /* Preview Content */,
			);
			path = TodoList;
			sourceTree = "<group>";
		};
		7160F2D226A27A6700750F64 /* Preview Content */ = {
			isa = PBXGroup;
			children = (
				7160F2D326A27A6700750F64 /* Preview Assets.xcassets */,
			);
			path = "Preview Content";
			sourceTree = "<group>";
		};
		7160F2E226A27A6800750F64 /* TodoListTests */ = {
			isa = PBXGroup;
			children = (
				7160F2E326A27A6800750F64 /* TodoListTests.swift */,
				7160F2E526A27A6800750F64 /* Info.plist */,
			);
			path = TodoListTests;
			sourceTree = "<group>";
		};
		7160F2ED26A27A6800750F64 /* TodoListUITests */ = {
			isa = PBXGroup;
			children = (
				7160F2EE26A27A6800750F64 /* TodoListUITests.swift */,
				7160F2F026A27A6800750F64 /* Info.plist */,
			);
			path = TodoListUITests;
			sourceTree = "<group>";
		};
		7160F2FF26A27C1C00750F64 /* Home */ = {
			isa = PBXGroup;
			children = (
				7160F30226A27C3800750F64 /* Model */,
				7160F30126A27C3100750F64 /* ViewModel */,
				7160F30026A27C2800750F64 /* View */,
			);
			path = Home;
			sourceTree = "<group>";
		};
		7160F30026A27C2800750F64 /* View */ = {
			isa = PBXGroup;
			children = (
				7160F30326A27C6000750F64 /* HomeView.swift */,
				7160F32C26A2982100750F64 /* HomeCalendarView.swift */,
				7160F33326A29B7600750F64 /* AddTaskView.swift */,
			);
			path = View;
			sourceTree = "<group>";
		};
		7160F30126A27C3100750F64 /* ViewModel */ = {
			isa = PBXGroup;
			children = (
				7160F33A26A29B8E00750F64 /* AddTaskVM.swift */,
				7160F34426A2ECCF00750F64 /* HomeVM.swift */,
			);
			path = ViewModel;
			sourceTree = "<group>";
		};
		7160F30226A27C3800750F64 /* Model */ = {
			isa = PBXGroup;
			children = (
			);
			path = Model;
			sourceTree = "<group>";
		};
		7160F30D26A27FDD00750F64 /* Calendar */ = {
			isa = PBXGroup;
			children = (
				7160F31026A2800300750F64 /* Model */,
				7160F30F26A27FFC00750F64 /* ViewModel */,
				7160F30E26A27FF600750F64 /* View */,
			);
			path = Calendar;
			sourceTree = "<group>";
		};
		7160F30E26A27FF600750F64 /* View */ = {
			isa = PBXGroup;
			children = (
				7160F32526A28A2D00750F64 /* CalenderView.swift */,
			);
			path = View;
			sourceTree = "<group>";
		};
		7160F30F26A27FFC00750F64 /* ViewModel */ = {
			isa = PBXGroup;
			children = (
				7160F31B26A280F100750F64 /* CalendarVM.swift */,
			);
			path = ViewModel;
			sourceTree = "<group>";
		};
		7160F31026A2800300750F64 /* Model */ = {
			isa = PBXGroup;
			children = (
				7160F31126A2805700750F64 /* DateType.swift */,
			);
			path = Model;
			sourceTree = "<group>";
		};
		7160F34B26A3073400750F64 /* Storage */ = {
			isa = PBXGroup;
			children = (
				7160F34C26A3075000750F64 /* DataStorage.swift */,
				7160F35626A3DC5500750F64 /* DataStorageFactory.swift */,
			);
			path = Storage;
			sourceTree = "<group>";
		};
/* End PBXGroup section */

/* Begin PBXNativeTarget section */
		7160F2C826A27A6100750F64 /* TodoList */ = {
			isa = PBXNativeTarget;
			buildConfigurationList = 7160F2F326A27A6800750F64 /* Build configuration list for PBXNativeTarget "TodoList" */;
			buildPhases = (
				7160F2C526A27A6100750F64 /* Sources */,
				7160F2C626A27A6100750F64 /* Frameworks */,
				7160F2C726A27A6100750F64 /* Resources */,
			);
			buildRules = (
			);
			dependencies = (
			);
			name = TodoList;
			productName = TodoList;
			productReference = 7160F2C926A27A6100750F64 /* TodoList.app */;
			productType = "com.apple.product-type.application";
		};
		7160F2DE26A27A6800750F64 /* TodoListTests */ = {
			isa = PBXNativeTarget;
			buildConfigurationList = 7160F2F626A27A6800750F64 /* Build configuration list for PBXNativeTarget "TodoListTests" */;
			buildPhases = (
				7160F2DB26A27A6800750F64 /* Sources */,
				7160F2DC26A27A6800750F64 /* Frameworks */,
				7160F2DD26A27A6800750F64 /* Resources */,
			);
			buildRules = (
			);
			dependencies = (
				7160F2E126A27A6800750F64 /* PBXTargetDependency */,
			);
			name = TodoListTests;
			productName = TodoListTests;
			productReference = 7160F2DF26A27A6800750F64 /* TodoListTests.xctest */;
			productType = "com.apple.product-type.bundle.unit-test";
		};
		7160F2E926A27A6800750F64 /* TodoListUITests */ = {
			isa = PBXNativeTarget;
			buildConfigurationList = 7160F2F926A27A6800750F64 /* Build configuration list for PBXNativeTarget "TodoListUITests" */;
			buildPhases = (
				7160F2E626A27A6800750F64 /* Sources */,
				7160F2E726A27A6800750F64 /* Frameworks */,
				7160F2E826A27A6800750F64 /* Resources */,
			);
			buildRules = (
			);
			dependencies = (
				7160F2EC26A27A6800750F64 /* PBXTargetDependency */,
			);
			name = TodoListUITests;
			productName = TodoListUITests;
			productReference = 7160F2EA26A27A6800750F64 /* TodoListUITests.xctest */;
			productType = "com.apple.product-type.bundle.ui-testing";
		};
/* End PBXNativeTarget section */

/* Begin PBXProject section */
		7160F2C126A27A6100750F64 /* Project object */ = {
			isa = PBXProject;
			attributes = {
				LastSwiftUpdateCheck = 1210;
				LastUpgradeCheck = 1210;
				TargetAttributes = {
					7160F2C826A27A6100750F64 = {
						CreatedOnToolsVersion = 12.1;
					};
					7160F2DE26A27A6800750F64 = {
						CreatedOnToolsVersion = 12.1;
						TestTargetID = 7160F2C826A27A6100750F64;
					};
					7160F2E926A27A6800750F64 = {
						CreatedOnToolsVersion = 12.1;
						TestTargetID = 7160F2C826A27A6100750F64;
					};
				};
			};
			buildConfigurationList = 7160F2C426A27A6100750F64 /* Build configuration list for PBXProject "TodoList" */;
			compatibilityVersion = "Xcode 9.3";
			developmentRegion = en;
			hasScannedForEncodings = 0;
			knownRegions = (
				en,
				Base,
			);
			mainGroup = 7160F2C026A27A6100750F64;
			productRefGroup = 7160F2CA26A27A6100750F64 /* Products */;
			projectDirPath = "";
			projectRoot = "";
			targets = (
				7160F2C826A27A6100750F64 /* TodoList */,
				7160F2DE26A27A6800750F64 /* TodoListTests */,
				7160F2E926A27A6800750F64 /* TodoListUITests */,
			);
		};
/* End PBXProject section */

/* Begin PBXResourcesBuildPhase section */
		7160F2C726A27A6100750F64 /* Resources */ = {
			isa = PBXResourcesBuildPhase;
			buildActionMask = 2147483647;
			files = (
				7160F2D426A27A6700750F64 /* Preview Assets.xcassets in Resources */,
				7160F2D126A27A6700750F64 /* Assets.xcassets in Resources */,
			);
			runOnlyForDeploymentPostprocessing = 0;
		};
		7160F2DD26A27A6800750F64 /* Resources */ = {
			isa = PBXResourcesBuildPhase;
			buildActionMask = 2147483647;
			files = (
			);
			runOnlyForDeploymentPostprocessing = 0;
		};
		7160F2E826A27A6800750F64 /* Resources */ = {
			isa = PBXResourcesBuildPhase;
			buildActionMask = 2147483647;
			files = (
			);
			runOnlyForDeploymentPostprocessing = 0;
		};
/* End PBXResourcesBuildPhase section */

/* Begin PBXSourcesBuildPhase section */
		7160F2C526A27A6100750F64 /* Sources */ = {
			isa = PBXSourcesBuildPhase;
			buildActionMask = 2147483647;
			files = (
				7160F31C26A280F100750F64 /* CalendarVM.swift in Sources */,
				7160F33426A29B7600750F64 /* AddTaskView.swift in Sources */,
				7160F35726A3DC5600750F64 /* DataStorageFactory.swift in Sources */,
				7160F33B26A29B8E00750F64 /* AddTaskVM.swift in Sources */,
				7160F34526A2ECCF00750F64 /* HomeVM.swift in Sources */,
				7160F2D626A27A6700750F64 /* Persistence.swift in Sources */,
				7160F31226A2805700750F64 /* DateType.swift in Sources */,
				7160F2CF26A27A6100750F64 /* ContentView.swift in Sources */,
				7160F2CD26A27A6100750F64 /* TodoListApp.swift in Sources */,
				7160F32D26A2982100750F64 /* HomeCalendarView.swift in Sources */,
				7160F34D26A3075100750F64 /* DataStorage.swift in Sources */,
				7160F30426A27C6000750F64 /* HomeView.swift in Sources */,
				7160F32626A28A2D00750F64 /* CalenderView.swift in Sources */,
				7160F2D926A27A6700750F64 /* TodoList.xcdatamodeld in Sources */,
			);
			runOnlyForDeploymentPostprocessing = 0;
		};
		7160F2DB26A27A6800750F64 /* Sources */ = {
			isa = PBXSourcesBuildPhase;
			buildActionMask = 2147483647;
			files = (
				7160F31D26A280F100750F64 /* CalendarVM.swift in Sources */,
				7160F33C26A29B8E00750F64 /* AddTaskVM.swift in Sources */,
				7160F33526A29B7600750F64 /* AddTaskView.swift in Sources */,
				7160F34626A2ECCF00750F64 /* HomeVM.swift in Sources */,
				7160F2E426A27A6800750F64 /* TodoListTests.swift in Sources */,
				7160F31326A2805700750F64 /* DateType.swift in Sources */,
				7160F32726A28A2D00750F64 /* CalenderView.swift in Sources */,
				7160F34E26A3075100750F64 /* DataStorage.swift in Sources */,
				7160F30526A27C6000750F64 /* HomeView.swift in Sources */,
				7160F32E26A2982100750F64 /* HomeCalendarView.swift in Sources */,
				7160F35826A3DC5600750F64 /* DataStorageFactory.swift in Sources */,
			);
			runOnlyForDeploymentPostprocessing = 0;
		};
		7160F2E626A27A6800750F64 /* Sources */ = {
			isa = PBXSourcesBuildPhase;
			buildActionMask = 2147483647;
			files = (
				7160F31E26A280F100750F64 /* CalendarVM.swift in Sources */,
				7160F33D26A29B8E00750F64 /* AddTaskVM.swift in Sources */,
				7160F33626A29B7600750F64 /* AddTaskView.swift in Sources */,
				7160F34726A2ECCF00750F64 /* HomeVM.swift in Sources */,
				7160F2EF26A27A6800750F64 /* TodoListUITests.swift in Sources */,
				7160F31426A2805700750F64 /* DateType.swift in Sources */,
				7160F32826A28A2D00750F64 /* CalenderView.swift in Sources */,
				7160F34F26A3075100750F64 /* DataStorage.swift in Sources */,
				7160F30626A27C6000750F64 /* HomeView.swift in Sources */,
				7160F32F26A2982100750F64 /* HomeCalendarView.swift in Sources */,
				7160F35926A3DC5600750F64 /* DataStorageFactory.swift in Sources */,
			);
			runOnlyForDeploymentPostprocessing = 0;
		};
/* End PBXSourcesBuildPhase section */

/* Begin PBXTargetDependency section */
		7160F2E126A27A6800750F64 /* PBXTargetDependency */ = {
			isa = PBXTargetDependency;
			target = 7160F2C826A27A6100750F64 /* TodoList */;
			targetProxy = 7160F2E026A27A6800750F64 /* PBXContainerItemProxy */;
		};
		7160F2EC26A27A6800750F64 /* PBXTargetDependency */ = {
			isa = PBXTargetDependency;
			target = 7160F2C826A27A6100750F64 /* TodoList */;
			targetProxy = 7160F2EB26A27A6800750F64 /* PBXContainerItemProxy */;
		};
/* End PBXTargetDependency section */

/* Begin XCBuildConfiguration section */
		7160F2F126A27A6800750F64 /* Debug */ = {
			isa = XCBuildConfiguration;
			buildSettings = {
				ALWAYS_SEARCH_USER_PATHS = NO;
				CLANG_ANALYZER_NONNULL = YES;
				CLANG_ANALYZER_NUMBER_OBJECT_CONVERSION = YES_AGGRESSIVE;
				CLANG_CXX_LANGUAGE_STANDARD = "gnu++14";
				CLANG_CXX_LIBRARY = "libc++";
				CLANG_ENABLE_MODULES = YES;
				CLANG_ENABLE_OBJC_ARC = YES;
				CLANG_ENABLE_OBJC_WEAK = YES;
				CLANG_WARN_BLOCK_CAPTURE_AUTORELEASING = YES;
				CLANG_WARN_BOOL_CONVERSION = YES;
				CLANG_WARN_COMMA = YES;
				CLANG_WARN_CONSTANT_CONVERSION = YES;
				CLANG_WARN_DEPRECATED_OBJC_IMPLEMENTATIONS = YES;
				CLANG_WARN_DIRECT_OBJC_ISA_USAGE = YES_ERROR;
				CLANG_WARN_DOCUMENTATION_COMMENTS = YES;
				CLANG_WARN_EMPTY_BODY = YES;
				CLANG_WARN_ENUM_CONVERSION = YES;
				CLANG_WARN_INFINITE_RECURSION = YES;
				CLANG_WARN_INT_CONVERSION = YES;
				CLANG_WARN_NON_LITERAL_NULL_CONVERSION = YES;
				CLANG_WARN_OBJC_IMPLICIT_RETAIN_SELF = YES;
				CLANG_WARN_OBJC_LITERAL_CONVERSION = YES;
				CLANG_WARN_OBJC_ROOT_CLASS = YES_ERROR;
				CLANG_WARN_QUOTED_INCLUDE_IN_FRAMEWORK_HEADER = YES;
				CLANG_WARN_RANGE_LOOP_ANALYSIS = YES;
				CLANG_WARN_STRICT_PROTOTYPES = YES;
				CLANG_WARN_SUSPICIOUS_MOVE = YES;
				CLANG_WARN_UNGUARDED_AVAILABILITY = YES_AGGRESSIVE;
				CLANG_WARN_UNREACHABLE_CODE = YES;
				CLANG_WARN__DUPLICATE_METHOD_MATCH = YES;
				COPY_PHASE_STRIP = NO;
				DEBUG_INFORMATION_FORMAT = dwarf;
				ENABLE_STRICT_OBJC_MSGSEND = YES;
				ENABLE_TESTABILITY = YES;
				GCC_C_LANGUAGE_STANDARD = gnu11;
				GCC_DYNAMIC_NO_PIC = NO;
				GCC_NO_COMMON_BLOCKS = YES;
				GCC_OPTIMIZATION_LEVEL = 0;
				GCC_PREPROCESSOR_DEFINITIONS = (
					"DEBUG=1",
					"$(inherited)",
				);
				GCC_WARN_64_TO_32_BIT_CONVERSION = YES;
				GCC_WARN_ABOUT_RETURN_TYPE = YES_ERROR;
				GCC_WARN_UNDECLARED_SELECTOR = YES;
				GCC_WARN_UNINITIALIZED_AUTOS = YES_AGGRESSIVE;
				GCC_WARN_UNUSED_FUNCTION = YES;
				GCC_WARN_UNUSED_VARIABLE = YES;
				IPHONEOS_DEPLOYMENT_TARGET = 14.1;
				MTL_ENABLE_DEBUG_INFO = INCLUDE_SOURCE;
				MTL_FAST_MATH = YES;
				ONLY_ACTIVE_ARCH = YES;
				SDKROOT = iphoneos;
				SWIFT_ACTIVE_COMPILATION_CONDITIONS = DEBUG;
				SWIFT_OPTIMIZATION_LEVEL = "-Onone";
			};
			name = Debug;
		};
		7160F2F226A27A6800750F64 /* Release */ = {
			isa = XCBuildConfiguration;
			buildSettings = {
				ALWAYS_SEARCH_USER_PATHS = NO;
				CLANG_ANALYZER_NONNULL = YES;
				CLANG_ANALYZER_NUMBER_OBJECT_CONVERSION = YES_AGGRESSIVE;
				CLANG_CXX_LANGUAGE_STANDARD = "gnu++14";
				CLANG_CXX_LIBRARY = "libc++";
				CLANG_ENABLE_MODULES = YES;
				CLANG_ENABLE_OBJC_ARC = YES;
				CLANG_ENABLE_OBJC_WEAK = YES;
				CLANG_WARN_BLOCK_CAPTURE_AUTORELEASING = YES;
				CLANG_WARN_BOOL_CONVERSION = YES;
				CLANG_WARN_COMMA = YES;
				CLANG_WARN_CONSTANT_CONVERSION = YES;
				CLANG_WARN_DEPRECATED_OBJC_IMPLEMENTATIONS = YES;
				CLANG_WARN_DIRECT_OBJC_ISA_USAGE = YES_ERROR;
				CLANG_WARN_DOCUMENTATION_COMMENTS = YES;
				CLANG_WARN_EMPTY_BODY = YES;
				CLANG_WARN_ENUM_CONVERSION = YES;
				CLANG_WARN_INFINITE_RECURSION = YES;
				CLANG_WARN_INT_CONVERSION = YES;
				CLANG_WARN_NON_LITERAL_NULL_CONVERSION = YES;
				CLANG_WARN_OBJC_IMPLICIT_RETAIN_SELF = YES;
				CLANG_WARN_OBJC_LITERAL_CONVERSION = YES;
				CLANG_WARN_OBJC_ROOT_CLASS = YES_ERROR;
				CLANG_WARN_QUOTED_INCLUDE_IN_FRAMEWORK_HEADER = YES;
				CLANG_WARN_RANGE_LOOP_ANALYSIS = YES;
				CLANG_WARN_STRICT_PROTOTYPES = YES;
				CLANG_WARN_SUSPICIOUS_MOVE = YES;
				CLANG_WARN_UNGUARDED_AVAILABILITY = YES_AGGRESSIVE;
				CLANG_WARN_UNREACHABLE_CODE = YES;
				CLANG_WARN__DUPLICATE_METHOD_MATCH = YES;
				COPY_PHASE_STRIP = NO;
				DEBUG_INFORMATION_FORMAT = "dwarf-with-dsym";
				ENABLE_NS_ASSERTIONS = NO;
				ENABLE_STRICT_OBJC_MSGSEND = YES;
				GCC_C_LANGUAGE_STANDARD = gnu11;
				GCC_NO_COMMON_BLOCKS = YES;
				GCC_WARN_64_TO_32_BIT_CONVERSION = YES;
				GCC_WARN_ABOUT_RETURN_TYPE = YES_ERROR;
				GCC_WARN_UNDECLARED_SELECTOR = YES;
				GCC_WARN_UNINITIALIZED_AUTOS = YES_AGGRESSIVE;
				GCC_WARN_UNUSED_FUNCTION = YES;
				GCC_WARN_UNUSED_VARIABLE = YES;
				IPHONEOS_DEPLOYMENT_TARGET = 14.1;
				MTL_ENABLE_DEBUG_INFO = NO;
				MTL_FAST_MATH = YES;
				SDKROOT = iphoneos;
				SWIFT_COMPILATION_MODE = wholemodule;
				SWIFT_OPTIMIZATION_LEVEL = "-O";
				VALIDATE_PRODUCT = YES;
			};
			name = Release;
		};
		7160F2F426A27A6800750F64 /* Debug */ = {
			isa = XCBuildConfiguration;
			buildSettings = {
				ASSETCATALOG_COMPILER_APPICON_NAME = AppIcon;
				ASSETCATALOG_COMPILER_GLOBAL_ACCENT_COLOR_NAME = AccentColor;
				CODE_SIGN_STYLE = Automatic;
				DEVELOPMENT_ASSET_PATHS = "\"TodoList/Preview Content\"";
				DEVELOPMENT_TEAM = U44385AS77;
				ENABLE_PREVIEWS = YES;
				INFOPLIST_FILE = TodoList/Info.plist;
				IPHONEOS_DEPLOYMENT_TARGET = 14.0;
				LD_RUNPATH_SEARCH_PATHS = (
					"$(inherited)",
					"@executable_path/Frameworks",
				);
				PRODUCT_BUNDLE_IDENTIFIER = Deepam.TodoList;
				PRODUCT_NAME = "$(TARGET_NAME)";
				SWIFT_VERSION = 5.0;
				TARGETED_DEVICE_FAMILY = "1,2";
			};
			name = Debug;
		};
		7160F2F526A27A6800750F64 /* Release */ = {
			isa = XCBuildConfiguration;
			buildSettings = {
				ASSETCATALOG_COMPILER_APPICON_NAME = AppIcon;
				ASSETCATALOG_COMPILER_GLOBAL_ACCENT_COLOR_NAME = AccentColor;
				CODE_SIGN_STYLE = Automatic;
				DEVELOPMENT_ASSET_PATHS = "\"TodoList/Preview Content\"";
				DEVELOPMENT_TEAM = U44385AS77;
				ENABLE_PREVIEWS = YES;
				INFOPLIST_FILE = TodoList/Info.plist;
				IPHONEOS_DEPLOYMENT_TARGET = 14.0;
				LD_RUNPATH_SEARCH_PATHS = (
					"$(inherited)",
					"@executable_path/Frameworks",
				);
				PRODUCT_BUNDLE_IDENTIFIER = Deepam.TodoList;
				PRODUCT_NAME = "$(TARGET_NAME)";
				SWIFT_VERSION = 5.0;
				TARGETED_DEVICE_FAMILY = "1,2";
			};
			name = Release;
		};
		7160F2F726A27A6800750F64 /* Debug */ = {
			isa = XCBuildConfiguration;
			buildSettings = {
				ALWAYS_EMBED_SWIFT_STANDARD_LIBRARIES = YES;
				BUNDLE_LOADER = "$(TEST_HOST)";
				CODE_SIGN_STYLE = Automatic;
				DEVELOPMENT_TEAM = U44385AS77;
				INFOPLIST_FILE = TodoListTests/Info.plist;
				IPHONEOS_DEPLOYMENT_TARGET = 14.0;
				LD_RUNPATH_SEARCH_PATHS = (
					"$(inherited)",
					"@executable_path/Frameworks",
					"@loader_path/Frameworks",
				);
				PRODUCT_BUNDLE_IDENTIFIER = Deepam.TodoListTests;
				PRODUCT_NAME = "$(TARGET_NAME)";
				SWIFT_VERSION = 5.0;
				TARGETED_DEVICE_FAMILY = "1,2";
				TEST_HOST = "$(BUILT_PRODUCTS_DIR)/TodoList.app/TodoList";
			};
			name = Debug;
		};
		7160F2F826A27A6800750F64 /* Release */ = {
			isa = XCBuildConfiguration;
			buildSettings = {
				ALWAYS_EMBED_SWIFT_STANDARD_LIBRARIES = YES;
				BUNDLE_LOADER = "$(TEST_HOST)";
				CODE_SIGN_STYLE = Automatic;
				DEVELOPMENT_TEAM = U44385AS77;
				INFOPLIST_FILE = TodoListTests/Info.plist;
				IPHONEOS_DEPLOYMENT_TARGET = 14.0;
				LD_RUNPATH_SEARCH_PATHS = (
					"$(inherited)",
					"@executable_path/Frameworks",
					"@loader_path/Frameworks",
				);
				PRODUCT_BUNDLE_IDENTIFIER = Deepam.TodoListTests;
				PRODUCT_NAME = "$(TARGET_NAME)";
				SWIFT_VERSION = 5.0;
				TARGETED_DEVICE_FAMILY = "1,2";
				TEST_HOST = "$(BUILT_PRODUCTS_DIR)/TodoList.app/TodoList";
			};
			name = Release;
		};
		7160F2FA26A27A6800750F64 /* Debug */ = {
			isa = XCBuildConfiguration;
			buildSettings = {
				ALWAYS_EMBED_SWIFT_STANDARD_LIBRARIES = YES;
				CODE_SIGN_STYLE = Automatic;
				DEVELOPMENT_TEAM = U44385AS77;
				INFOPLIST_FILE = TodoListUITests/Info.plist;
				LD_RUNPATH_SEARCH_PATHS = (
					"$(inherited)",
					"@executable_path/Frameworks",
					"@loader_path/Frameworks",
				);
				PRODUCT_BUNDLE_IDENTIFIER = Deepam.TodoListUITests;
				PRODUCT_NAME = "$(TARGET_NAME)";
				SWIFT_VERSION = 5.0;
				TARGETED_DEVICE_FAMILY = "1,2";
				TEST_TARGET_NAME = TodoList;
			};
			name = Debug;
		};
		7160F2FB26A27A6800750F64 /* Release */ = {
			isa = XCBuildConfiguration;
			buildSettings = {
				ALWAYS_EMBED_SWIFT_STANDARD_LIBRARIES = YES;
				CODE_SIGN_STYLE = Automatic;
				DEVELOPMENT_TEAM = U44385AS77;
				INFOPLIST_FILE = TodoListUITests/Info.plist;
				LD_RUNPATH_SEARCH_PATHS = (
					"$(inherited)",
					"@executable_path/Frameworks",
					"@loader_path/Frameworks",
				);
				PRODUCT_BUNDLE_IDENTIFIER = Deepam.TodoListUITests;
				PRODUCT_NAME = "$(TARGET_NAME)";
				SWIFT_VERSION = 5.0;
				TARGETED_DEVICE_FAMILY = "1,2";
				TEST_TARGET_NAME = TodoList;
			};
			name = Release;
		};
/* End XCBuildConfiguration section */

/* Begin XCConfigurationList section */
		7160F2C426A27A6100750F64 /* Build configuration list for PBXProject "TodoList" */ = {
			isa = XCConfigurationList;
			buildConfigurations = (
				7160F2F126A27A6800750F64 /* Debug */,
				7160F2F226A27A6800750F64 /* Release */,
			);
			defaultConfigurationIsVisible = 0;
			defaultConfigurationName = Release;
		};
		7160F2F326A27A6800750F64 /* Build configuration list for PBXNativeTarget "TodoList" */ = {
			isa = XCConfigurationList;
			buildConfigurations = (
				7160F2F426A27A6800750F64 /* Debug */,
				7160F2F526A27A6800750F64 /* Release */,
			);
			defaultConfigurationIsVisible = 0;
			defaultConfigurationName = Release;
		};
		7160F2F626A27A6800750F64 /* Build configuration list for PBXNativeTarget "TodoListTests" */ = {
			isa = XCConfigurationList;
			buildConfigurations = (
				7160F2F726A27A6800750F64 /* Debug */,
				7160F2F826A27A6800750F64 /* Release */,
			);
			defaultConfigurationIsVisible = 0;
			defaultConfigurationName = Release;
		};
		7160F2F926A27A6800750F64 /* Build configuration list for PBXNativeTarget "TodoListUITests" */ = {
			isa = XCConfigurationList;
			buildConfigurations = (
				7160F2FA26A27A6800750F64 /* Debug */,
				7160F2FB26A27A6800750F64 /* Release */,
			);
			defaultConfigurationIsVisible = 0;
			defaultConfigurationName = Release;
		};
/* End XCConfigurationList section */

/* Begin XCVersionGroup section */
		7160F2D726A27A6700750F64 /* TodoList.xcdatamodeld */ = {
			isa = XCVersionGroup;
			children = (
				7160F2D826A27A6700750F64 /* TodoList.xcdatamodel */,
			);
			currentVersion = 7160F2D826A27A6700750F64 /* TodoList.xcdatamodel */;
			path = TodoList.xcdatamodeld;
			sourceTree = "<group>";
			versionGroupType = wrapper.xcdatamodel;
		};
/* End XCVersionGroup section */
	};
	rootObject = 7160F2C126A27A6100750F64 /* Project object */;
}
